
Microsoft Visual Studio Solution File, Format Version 12.00
# Visual Studio Version 16
VisualStudioVersion = 16.0.31624.102
MinimumVisualStudioVersion = 10.0.40219.1
Project("{F184B08F-C81C-45F6-A57F-5ABD9991F28F}") = "Flock", "Flock\Flock.vbproj", "{874852EB-D739-4D0C-8090-1F925D84DDF7}"
EndProject
Global
	GlobalSection(SolutionConfigurationPlatforms) = preSolution
		Debug|Any CPU = Debug|Any CPU
		Release|Any CPU = Release|Any CPU
	EndGlobalSection
	GlobalSection(ProjectConfigurationPlatforms) = postSolution
		{874852EB-D739-4D0C-8090-1F925D84DDF7}.Debug|Any CPU.ActiveCfg = Debug|Any CPU
		{874852EB-D739-4D0C-8090-1F925D84DDF7}.Debug|Any CPU.Build.0 = Debug|Any CPU
		{874852EB-D739-4D0C-8090-1F925D84DDF7}.Release|Any CPU.ActiveCfg = Release|Any CPU
		{874852EB-D739-4D0C-8090-1F925D84DDF7}.Release|Any CPU.Build.0 = Release|Any CPU
	EndGlobalSection
	GlobalSection(SolutionProperties) = preSolution
		HideSolutionNode = FALSE
	EndGlobalSection
	GlobalSection(ExtensibilityGlobals) = postSolution
		SolutionGuid = {21EC432F-C90B-4956-8026-8715A4B92E0B}
	EndGlobalSection
EndGlobal
